
Microsoft Visual Studio Solution File, Format Version 12.00
# Visual Studio 15
VisualStudioVersion = 15.0.28307.572
MinimumVisualStudioVersion = 10.0.40219.1
Project("{8BC9CEB8-8B4A-11D0-8D11-00A0C91BC942}") = "Bomberman", "Bomberman\Bomberman.vcxproj", "{C133D8C9-B337-426C-A889-1245C6E9E330}"
EndProject
Global
	GlobalSection(SolutionConfigurationPlatforms) = preSolution
		Debug|x64 = Debug|x64
		Debug|x86 = Debug|x86
		Release|x64 = Release|x64
		Release|x86 = Release|x86
	EndGlobalSection
	GlobalSection(ProjectConfigurationPlatforms) = postSolution
		{C133D8C9-B337-426C-A889-1245C6E9E330}.Debug|x64.ActiveCfg = Debug|x64
		{C133D8C9-B337-426C-A889-1245C6E9E330}.Debug|x64.Build.0 = Debug|x64
		{C133D8C9-B337-426C-A889-1245C6E9E330}.Debug|x86.ActiveCfg = Debug|Win32
		{C133D8C9-B337-426C-A889-1245C6E9E330}.Debug|x86.Build.0 = Debug|Win32
		{C133D8C9-B337-426C-A889-1245C6E9E330}.Release|x64.ActiveCfg = Release|x64
		{C133D8C9-B337-426C-A889-1245C6E9E330}.Release|x64.Build.0 = Release|x64
		{C133D8C9-B337-426C-A889-1245C6E9E330}.Release|x86.ActiveCfg = Release|Win32
		{C133D8C9-B337-426C-A889-1245C6E9E330}.Release|x86.Build.0 = Release|Win32
	EndGlobalSection
	GlobalSection(SolutionProperties) = preSolution
		HideSolutionNode = FALSE
	EndGlobalSection
	GlobalSection(ExtensibilityGlobals) = postSolution
		SolutionGuid = {36ABBE5F-7F67-4D82-8A01-F7645A516687}
	EndGlobalSection
EndGlobal
